// !$*UTF8*$!
{
	archiveVersion = 1;
	classes = {
	};
	objectVersion = 46;
	objects = {

/* Begin PBXBuildFile section */
		9433BE431B5DE1EC009462AE /* main.m in Sources */ = {isa = PBXBuildFile; fileRef = 9433BE421B5DE1EC009462AE /* main.m */; };
		9433BE461B5DE1EC009462AE /* AppDelegate.m in Sources */ = {isa = PBXBuildFile; fileRef = 9433BE451B5DE1EC009462AE /* AppDelegate.m */; };
		9433BE491B5DE1EC009462AE /* ViewController.m in Sources */ = {isa = PBXBuildFile; fileRef = 9433BE481B5DE1EC009462AE /* ViewController.m */; };
		9433BE4C1B5DE1EC009462AE /* Main.storyboard in Resources */ = {isa = PBXBuildFile; fileRef = 9433BE4A1B5DE1EC009462AE /* Main.storyboard */; };
		9433BE4E1B5DE1EC009462AE /* Images.xcassets in Resources */ = {isa = PBXBuildFile; fileRef = 9433BE4D1B5DE1EC009462AE /* Images.xcassets */; };
		9433BE511B5DE1EC009462AE /* LaunchScreen.xib in Resources */ = {isa = PBXBuildFile; fileRef = 9433BE4F1B5DE1EC009462AE /* LaunchScreen.xib */; };
		9433BE5D1B5DE1ED009462AE /* EggerKerTests.m in Sources */ = {isa = PBXBuildFile; fileRef = 9433BE5C1B5DE1ED009462AE /* EggerKerTests.m */; };
		9433BE6A1B5DE29B009462AE /* TH_MomeViewController.m in Sources */ = {isa = PBXBuildFile; fileRef = 9433BE671B5DE29B009462AE /* TH_MomeViewController.m */; };
		9433BE6B1B5DE29B009462AE /* TH_MomeViewController.xib in Resources */ = {isa = PBXBuildFile; fileRef = 9433BE681B5DE29B009462AE /* TH_MomeViewController.xib */; };
		9433BF3C1B5DE4AD009462AE /* TH_BusinessViewController.m in Sources */ = {isa = PBXBuildFile; fileRef = 9433BF3B1B5DE4AD009462AE /* TH_BusinessViewController.m */; };
		9433BF3F1B5DE524009462AE /* MapViewController.m in Sources */ = {isa = PBXBuildFile; fileRef = 9433BF3E1B5DE524009462AE /* MapViewController.m */; };
		9433BF421B5DE53E009462AE /* MyViewController.m in Sources */ = {isa = PBXBuildFile; fileRef = 9433BF411B5DE53E009462AE /* MyViewController.m */; };
		9433BF451B5DE54D009462AE /* pushViewController.m in Sources */ = {isa = PBXBuildFile; fileRef = 9433BF441B5DE54D009462AE /* pushViewController.m */; };
		9433BF4B1B5DE793009462AE /* SearchViewController.m in Sources */ = {isa = PBXBuildFile; fileRef = 9433BF4A1B5DE793009462AE /* SearchViewController.m */; };
		9433BF4E1B5DE7FB009462AE /* TH_PersonViewController.m in Sources */ = {isa = PBXBuildFile; fileRef = 9433BF4D1B5DE7FB009462AE /* TH_PersonViewController.m */; };
		9433BF5A1B5DE995009462AE /* JobViewController.m in Sources */ = {isa = PBXBuildFile; fileRef = 9433BF591B5DE995009462AE /* JobViewController.m */; };
		9433BF5D1B5DE9A5009462AE /* MyselfViewController.m in Sources */ = {isa = PBXBuildFile; fileRef = 9433BF5C1B5DE9A5009462AE /* MyselfViewController.m */; };
		9433BF601B5DEA6F009462AE /* PushJobViewController.m in Sources */ = {isa = PBXBuildFile; fileRef = 9433BF5F1B5DEA6F009462AE /* PushJobViewController.m */; };
		9433BF661B5DEB97009462AE /* ZXCustomNavigation.m in Sources */ = {isa = PBXBuildFile; fileRef = 9433BF631B5DEB97009462AE /* ZXCustomNavigation.m */; };
		9433BF671B5DEB97009462AE /* ZXImagePickerVC.m in Sources */ = {isa = PBXBuildFile; fileRef = 9433BF651B5DEB97009462AE /* ZXImagePickerVC.m */; };
		9433BF6D1B5DEBA0009462AE /* ZXButton.m in Sources */ = {isa = PBXBuildFile; fileRef = 9433BF6A1B5DEBA0009462AE /* ZXButton.m */; };
		9433BF6E1B5DEBA0009462AE /* ZXLabel.m in Sources */ = {isa = PBXBuildFile; fileRef = 9433BF6C1B5DEBA0009462AE /* ZXLabel.m */; };
		9433BF761B5DEBA8009462AE /* UIBarButtonItem+Extension.m in Sources */ = {isa = PBXBuildFile; fileRef = 9433BF711B5DEBA8009462AE /* UIBarButtonItem+Extension.m */; };
		9433BF771B5DEBA8009462AE /* UILabel+Extension.m in Sources */ = {isa = PBXBuildFile; fileRef = 9433BF731B5DEBA8009462AE /* UILabel+Extension.m */; };
		9433BF781B5DEBA8009462AE /* UIView+Extension.m in Sources */ = {isa = PBXBuildFile; fileRef = 9433BF751B5DEBA8009462AE /* UIView+Extension.m */; };
/* End PBXBuildFile section */

/* Begin PBXContainerItemProxy section */
		9433BE571B5DE1ED009462AE /* PBXContainerItemProxy */ = {
			isa = PBXContainerItemProxy;
			containerPortal = 9433BE351B5DE1EC009462AE /* Project object */;
			proxyType = 1;
			remoteGlobalIDString = 9433BE3C1B5DE1EC009462AE;
			remoteInfo = EggerKer;
		};
/* End PBXContainerItemProxy section */

/* Begin PBXFileReference section */
		9433BE3D1B5DE1EC009462AE /* EggerKer.app */ = {isa = PBXFileReference; explicitFileType = wrapper.application; includeInIndex = 0; path = EggerKer.app; sourceTree = BUILT_PRODUCTS_DIR; };
		9433BE411B5DE1EC009462AE /* Info.plist */ = {isa = PBXFileReference; lastKnownFileType = text.plist.xml; path = Info.plist; sourceTree = "<group>"; };
		9433BE421B5DE1EC009462AE /* main.m */ = {isa = PBXFileReference; lastKnownFileType = sourcecode.c.objc; path = main.m; sourceTree = "<group>"; };
		9433BE441B5DE1EC009462AE /* AppDelegate.h */ = {isa = PBXFileReference; lastKnownFileType = sourcecode.c.h; path = AppDelegate.h; sourceTree = "<group>"; };
		9433BE451B5DE1EC009462AE /* AppDelegate.m */ = {isa = PBXFileReference; lastKnownFileType = sourcecode.c.objc; path = AppDelegate.m; sourceTree = "<group>"; };
		9433BE471B5DE1EC009462AE /* ViewController.h */ = {isa = PBXFileReference; lastKnownFileType = sourcecode.c.h; path = ViewController.h; sourceTree = "<group>"; };
		9433BE481B5DE1EC009462AE /* ViewController.m */ = {isa = PBXFileReference; lastKnownFileType = sourcecode.c.objc; path = ViewController.m; sourceTree = "<group>"; };
		9433BE4B1B5DE1EC009462AE /* Base */ = {isa = PBXFileReference; lastKnownFileType = file.storyboard; name = Base; path = Base.lproj/Main.storyboard; sourceTree = "<group>"; };
		9433BE4D1B5DE1EC009462AE /* Images.xcassets */ = {isa = PBXFileReference; lastKnownFileType = folder.assetcatalog; path = Images.xcassets; sourceTree = "<group>"; };
		9433BE501B5DE1EC009462AE /* Base */ = {isa = PBXFileReference; lastKnownFileType = file.xib; name = Base; path = Base.lproj/LaunchScreen.xib; sourceTree = "<group>"; };
		9433BE561B5DE1ED009462AE /* EggerKerTests.xctest */ = {isa = PBXFileReference; explicitFileType = wrapper.cfbundle; includeInIndex = 0; path = EggerKerTests.xctest; sourceTree = BUILT_PRODUCTS_DIR; };
		9433BE5B1B5DE1ED009462AE /* Info.plist */ = {isa = PBXFileReference; lastKnownFileType = text.plist.xml; path = Info.plist; sourceTree = "<group>"; };
		9433BE5C1B5DE1ED009462AE /* EggerKerTests.m */ = {isa = PBXFileReference; lastKnownFileType = sourcecode.c.objc; path = EggerKerTests.m; sourceTree = "<group>"; };
		9433BE671B5DE29B009462AE /* TH_MomeViewController.m */ = {isa = PBXFileReference; fileEncoding = 4; lastKnownFileType = sourcecode.c.objc; path = TH_MomeViewController.m; sourceTree = "<group>"; };
		9433BE681B5DE29B009462AE /* TH_MomeViewController.xib */ = {isa = PBXFileReference; fileEncoding = 4; lastKnownFileType = file.xib; path = TH_MomeViewController.xib; sourceTree = "<group>"; };
		9433BE691B5DE29B009462AE /* TH_MomeViewController.h */ = {isa = PBXFileReference; fileEncoding = 4; lastKnownFileType = sourcecode.c.h; path = TH_MomeViewController.h; sourceTree = "<group>"; };
		9433BF3A1B5DE4AD009462AE /* TH_BusinessViewController.h */ = {isa = PBXFileReference; fileEncoding = 4; lastKnownFileType = sourcecode.c.h; path = TH_BusinessViewController.h; sourceTree = "<group>"; };
		9433BF3B1B5DE4AD009462AE /* TH_BusinessViewController.m */ = {isa = PBXFileReference; fileEncoding = 4; lastKnownFileType = sourcecode.c.objc; path = TH_BusinessViewController.m; sourceTree = "<group>"; };
		9433BF3D1B5DE524009462AE /* MapViewController.h */ = {isa = PBXFileReference; fileEncoding = 4; lastKnownFileType = sourcecode.c.h; path = MapViewController.h; sourceTree = "<group>"; };
		9433BF3E1B5DE524009462AE /* MapViewController.m */ = {isa = PBXFileReference; fileEncoding = 4; lastKnownFileType = sourcecode.c.objc; path = MapViewController.m; sourceTree = "<group>"; };
		9433BF401B5DE53E009462AE /* MyViewController.h */ = {isa = PBXFileReference; fileEncoding = 4; lastKnownFileType = sourcecode.c.h; path = MyViewController.h; sourceTree = "<group>"; };
		9433BF411B5DE53E009462AE /* MyViewController.m */ = {isa = PBXFileReference; fileEncoding = 4; lastKnownFileType = sourcecode.c.objc; path = MyViewController.m; sourceTree = "<group>"; };
		9433BF431B5DE54D009462AE /* pushViewController.h */ = {isa = PBXFileReference; fileEncoding = 4; lastKnownFileType = sourcecode.c.h; path = pushViewController.h; sourceTree = "<group>"; };
		9433BF441B5DE54D009462AE /* pushViewController.m */ = {isa = PBXFileReference; fileEncoding = 4; lastKnownFileType = sourcecode.c.objc; path = pushViewController.m; sourceTree = "<group>"; };
		9433BF491B5DE793009462AE /* SearchViewController.h */ = {isa = PBXFileReference; fileEncoding = 4; lastKnownFileType = sourcecode.c.h; path = SearchViewController.h; sourceTree = "<group>"; };
		9433BF4A1B5DE793009462AE /* SearchViewController.m */ = {isa = PBXFileReference; fileEncoding = 4; lastKnownFileType = sourcecode.c.objc; path = SearchViewController.m; sourceTree = "<group>"; };
		9433BF4C1B5DE7FB009462AE /* TH_PersonViewController.h */ = {isa = PBXFileReference; fileEncoding = 4; lastKnownFileType = sourcecode.c.h; path = TH_PersonViewController.h; sourceTree = "<group>"; };
		9433BF4D1B5DE7FB009462AE /* TH_PersonViewController.m */ = {isa = PBXFileReference; fileEncoding = 4; lastKnownFileType = sourcecode.c.objc; path = TH_PersonViewController.m; sourceTree = "<group>"; };
		9433BF581B5DE995009462AE /* JobViewController.h */ = {isa = PBXFileReference; fileEncoding = 4; lastKnownFileType = sourcecode.c.h; path = JobViewController.h; sourceTree = "<group>"; };
		9433BF591B5DE995009462AE /* JobViewController.m */ = {isa = PBXFileReference; fileEncoding = 4; lastKnownFileType = sourcecode.c.objc; path = JobViewController.m; sourceTree = "<group>"; };
		9433BF5B1B5DE9A5009462AE /* MyselfViewController.h */ = {isa = PBXFileReference; fileEncoding = 4; lastKnownFileType = sourcecode.c.h; path = MyselfViewController.h; sourceTree = "<group>"; };
		9433BF5C1B5DE9A5009462AE /* MyselfViewController.m */ = {isa = PBXFileReference; fileEncoding = 4; lastKnownFileType = sourcecode.c.objc; path = MyselfViewController.m; sourceTree = "<group>"; };
		9433BF5E1B5DEA6F009462AE /* PushJobViewController.h */ = {isa = PBXFileReference; fileEncoding = 4; lastKnownFileType = sourcecode.c.h; name = PushJobViewController.h; path = EggerKer/PersonJob/PushJobViewController.h; sourceTree = SOURCE_ROOT; };
		9433BF5F1B5DEA6F009462AE /* PushJobViewController.m */ = {isa = PBXFileReference; fileEncoding = 4; lastKnownFileType = sourcecode.c.objc; name = PushJobViewController.m; path = EggerKer/PersonJob/PushJobViewController.m; sourceTree = SOURCE_ROOT; };
		9433BF621B5DEB97009462AE /* ZXCustomNavigation.h */ = {isa = PBXFileReference; fileEncoding = 4; lastKnownFileType = sourcecode.c.h; path = ZXCustomNavigation.h; sourceTree = "<group>"; };
		9433BF631B5DEB97009462AE /* ZXCustomNavigation.m */ = {isa = PBXFileReference; fileEncoding = 4; lastKnownFileType = sourcecode.c.objc; path = ZXCustomNavigation.m; sourceTree = "<group>"; };
		9433BF641B5DEB97009462AE /* ZXImagePickerVC.h */ = {isa = PBXFileReference; fileEncoding = 4; lastKnownFileType = sourcecode.c.h; path = ZXImagePickerVC.h; sourceTree = "<group>"; };
		9433BF651B5DEB97009462AE /* ZXImagePickerVC.m */ = {isa = PBXFileReference; fileEncoding = 4; lastKnownFileType = sourcecode.c.objc; path = ZXImagePickerVC.m; sourceTree = "<group>"; };
		9433BF691B5DEBA0009462AE /* ZXButton.h */ = {isa = PBXFileReference; fileEncoding = 4; lastKnownFileType = sourcecode.c.h; path = ZXButton.h; sourceTree = "<group>"; };
		9433BF6A1B5DEBA0009462AE /* ZXButton.m */ = {isa = PBXFileReference; fileEncoding = 4; lastKnownFileType = sourcecode.c.objc; path = ZXButton.m; sourceTree = "<group>"; };
		9433BF6B1B5DEBA0009462AE /* ZXLabel.h */ = {isa = PBXFileReference; fileEncoding = 4; lastKnownFileType = sourcecode.c.h; path = ZXLabel.h; sourceTree = "<group>"; };
		9433BF6C1B5DEBA0009462AE /* ZXLabel.m */ = {isa = PBXFileReference; fileEncoding = 4; lastKnownFileType = sourcecode.c.objc; path = ZXLabel.m; sourceTree = "<group>"; };
		9433BF701B5DEBA8009462AE /* UIBarButtonItem+Extension.h */ = {isa = PBXFileReference; fileEncoding = 4; lastKnownFileType = sourcecode.c.h; path = "UIBarButtonItem+Extension.h"; sourceTree = "<group>"; };
		9433BF711B5DEBA8009462AE /* UIBarButtonItem+Extension.m */ = {isa = PBXFileReference; fileEncoding = 4; lastKnownFileType = sourcecode.c.objc; path = "UIBarButtonItem+Extension.m"; sourceTree = "<group>"; };
		9433BF721B5DEBA8009462AE /* UILabel+Extension.h */ = {isa = PBXFileReference; fileEncoding = 4; lastKnownFileType = sourcecode.c.h; path = "UILabel+Extension.h"; sourceTree = "<group>"; };
		9433BF731B5DEBA8009462AE /* UILabel+Extension.m */ = {isa = PBXFileReference; fileEncoding = 4; lastKnownFileType = sourcecode.c.objc; path = "UILabel+Extension.m"; sourceTree = "<group>"; };
		9433BF741B5DEBA8009462AE /* UIView+Extension.h */ = {isa = PBXFileReference; fileEncoding = 4; lastKnownFileType = sourcecode.c.h; path = "UIView+Extension.h"; sourceTree = "<group>"; };
		9433BF751B5DEBA8009462AE /* UIView+Extension.m */ = {isa = PBXFileReference; fileEncoding = 4; lastKnownFileType = sourcecode.c.objc; path = "UIView+Extension.m"; sourceTree = "<group>"; };
/* End PBXFileReference section */

/* Begin PBXFrameworksBuildPhase section */
		9433BE3A1B5DE1EC009462AE /* Frameworks */ = {
			isa = PBXFrameworksBuildPhase;
			buildActionMask = 2147483647;
			files = (
			);
			runOnlyForDeploymentPostprocessing = 0;
		};
		9433BE531B5DE1ED009462AE /* Frameworks */ = {
			isa = PBXFrameworksBuildPhase;
			buildActionMask = 2147483647;
			files = (
			);
			runOnlyForDeploymentPostprocessing = 0;
		};
/* End PBXFrameworksBuildPhase section */

/* Begin PBXGroup section */
		9433BE341B5DE1EC009462AE = {
			isa = PBXGroup;
			children = (
				9433BE3F1B5DE1EC009462AE /* EggerKer */,
				9433BE591B5DE1ED009462AE /* EggerKerTests */,
				9433BE3E1B5DE1EC009462AE /* Products */,
			);
			sourceTree = "<group>";
		};
		9433BE3E1B5DE1EC009462AE /* Products */ = {
			isa = PBXGroup;
			children = (
				9433BE3D1B5DE1EC009462AE /* EggerKer.app */,
				9433BE561B5DE1ED009462AE /* EggerKerTests.xctest */,
			);
			name = Products;
			sourceTree = "<group>";
		};
		9433BE3F1B5DE1EC009462AE /* EggerKer */ = {
			isa = PBXGroup;
			children = (
				9433BE721B5DE346009462AE /* PersonJob */,
				9433BE6C1B5DE340009462AE /* Business */,
				9433BE661B5DE264009462AE /* Main */,
				9433BE441B5DE1EC009462AE /* AppDelegate.h */,
				9433BE451B5DE1EC009462AE /* AppDelegate.m */,
				9433BE471B5DE1EC009462AE /* ViewController.h */,
				9433BE481B5DE1EC009462AE /* ViewController.m */,
				9433BE4A1B5DE1EC009462AE /* Main.storyboard */,
				9433BE4D1B5DE1EC009462AE /* Images.xcassets */,
				9433BE4F1B5DE1EC009462AE /* LaunchScreen.xib */,
				9433BE401B5DE1EC009462AE /* Supporting Files */,
			);
			path = EggerKer;
			sourceTree = "<group>";
		};
		9433BE401B5DE1EC009462AE /* Supporting Files */ = {
			isa = PBXGroup;
			children = (
				9433BE411B5DE1EC009462AE /* Info.plist */,
				9433BE421B5DE1EC009462AE /* main.m */,
			);
			name = "Supporting Files";
			sourceTree = "<group>";
		};
		9433BE591B5DE1ED009462AE /* EggerKerTests */ = {
			isa = PBXGroup;
			children = (
				9433BE5C1B5DE1ED009462AE /* EggerKerTests.m */,
				9433BE5A1B5DE1ED009462AE /* Supporting Files */,
			);
			path = EggerKerTests;
			sourceTree = "<group>";
		};
		9433BE5A1B5DE1ED009462AE /* Supporting Files */ = {
			isa = PBXGroup;
			children = (
				9433BE5B1B5DE1ED009462AE /* Info.plist */,
			);
			name = "Supporting Files";
			sourceTree = "<group>";
		};
		9433BE661B5DE264009462AE /* Main */ = {
			isa = PBXGroup;
			children = (
				9433BF6F1B5DEBA8009462AE /* Extension */,
				9433BF681B5DEBA0009462AE /* CustomView */,
				9433BF611B5DEB97009462AE /* CustomController */,
				9433BE671B5DE29B009462AE /* TH_MomeViewController.m */,
				9433BE681B5DE29B009462AE /* TH_MomeViewController.xib */,
				9433BE691B5DE29B009462AE /* TH_MomeViewController.h */,
			);
			path = Main;
			sourceTree = "<group>";
		};
		9433BE6C1B5DE340009462AE /* Business */ = {
			isa = PBXGroup;
			children = (
				9433BE6D1B5DE340009462AE /* Map */,
				9433BE6E1B5DE340009462AE /* my */,
				9433BE6F1B5DE340009462AE /* push */,
				9433BE701B5DE340009462AE /* searChjOB */,
				9433BE711B5DE340009462AE /* TH_MianBase */,
				9433BF3A1B5DE4AD009462AE /* TH_BusinessViewController.h */,
				9433BF3B1B5DE4AD009462AE /* TH_BusinessViewController.m */,
			);
			path = Business;
			sourceTree = "<group>";
		};
		9433BE6D1B5DE340009462AE /* Map */ = {
			isa = PBXGroup;
			children = (
				9433BF3D1B5DE524009462AE /* MapViewController.h */,
				9433BF3E1B5DE524009462AE /* MapViewController.m */,
			);
			path = Map;
			sourceTree = "<group>";
		};
		9433BE6E1B5DE340009462AE /* my */ = {
			isa = PBXGroup;
			children = (
				9433BF401B5DE53E009462AE /* MyViewController.h */,
				9433BF411B5DE53E009462AE /* MyViewController.m */,
			);
			path = my;
			sourceTree = "<group>";
		};
		9433BE6F1B5DE340009462AE /* push */ = {
			isa = PBXGroup;
			children = (
				9433BF431B5DE54D009462AE /* pushViewController.h */,
				9433BF441B5DE54D009462AE /* pushViewController.m */,
			);
			path = push;
			sourceTree = "<group>";
		};
		9433BE701B5DE340009462AE /* searChjOB */ = {
			isa = PBXGroup;
			children = (
				9433BF491B5DE793009462AE /* SearchViewController.h */,
				9433BF4A1B5DE793009462AE /* SearchViewController.m */,
			);
			path = searChjOB;
			sourceTree = "<group>";
		};
		9433BE711B5DE340009462AE /* TH_MianBase */ = {
			isa = PBXGroup;
			children = (
			);
			path = TH_MianBase;
			sourceTree = "<group>";
		};
		9433BE721B5DE346009462AE /* PersonJob */ = {
			isa = PBXGroup;
			children = (
				9433BF541B5DE953009462AE /* pushjob */,
				9433BF531B5DE921009462AE /* job */,
				9433BF521B5DE8D6009462AE /* myself */,
				9433BF4C1B5DE7FB009462AE /* TH_PersonViewController.h */,
				9433BF4D1B5DE7FB009462AE /* TH_PersonViewController.m */,
			);
			path = PersonJob;
			sourceTree = "<group>";
		};
		9433BF521B5DE8D6009462AE /* myself */ = {
			isa = PBXGroup;
			children = (
				9433BF5B1B5DE9A5009462AE /* MyselfViewController.h */,
				9433BF5C1B5DE9A5009462AE /* MyselfViewController.m */,
			);
			path = myself;
			sourceTree = "<group>";
		};
		9433BF531B5DE921009462AE /* job */ = {
			isa = PBXGroup;
			children = (
				9433BF581B5DE995009462AE /* JobViewController.h */,
				9433BF591B5DE995009462AE /* JobViewController.m */,
			);
			path = job;
			sourceTree = "<group>";
		};
		9433BF541B5DE953009462AE /* pushjob */ = {
			isa = PBXGroup;
			children = (
				9433BF5E1B5DEA6F009462AE /* PushJobViewController.h */,
				9433BF5F1B5DEA6F009462AE /* PushJobViewController.m */,
			);
			name = pushjob;
			path = push;
			sourceTree = "<group>";
		};
		9433BF611B5DEB97009462AE /* CustomController */ = {
			isa = PBXGroup;
			children = (
				9433BF621B5DEB97009462AE /* ZXCustomNavigation.h */,
				9433BF631B5DEB97009462AE /* ZXCustomNavigation.m */,
				9433BF641B5DEB97009462AE /* ZXImagePickerVC.h */,
				9433BF651B5DEB97009462AE /* ZXImagePickerVC.m */,
			);
			path = CustomController;
			sourceTree = "<group>";
		};
		9433BF681B5DEBA0009462AE /* CustomView */ = {
			isa = PBXGroup;
			children = (
				9433BF691B5DEBA0009462AE /* ZXButton.h */,
				9433BF6A1B5DEBA0009462AE /* ZXButton.m */,
				9433BF6B1B5DEBA0009462AE /* ZXLabel.h */,
				9433BF6C1B5DEBA0009462AE /* ZXLabel.m */,
			);
			path = CustomView;
			sourceTree = "<group>";
		};
		9433BF6F1B5DEBA8009462AE /* Extension */ = {
			isa = PBXGroup;
			children = (
				9433BF701B5DEBA8009462AE /* UIBarButtonItem+Extension.h */,
				9433BF711B5DEBA8009462AE /* UIBarButtonItem+Extension.m */,
				9433BF721B5DEBA8009462AE /* UILabel+Extension.h */,
				9433BF731B5DEBA8009462AE /* UILabel+Extension.m */,
				9433BF741B5DEBA8009462AE /* UIView+Extension.h */,
				9433BF751B5DEBA8009462AE /* UIView+Extension.m */,
			);
			path = Extension;
			sourceTree = "<group>";
		};
/* End PBXGroup section */

/* Begin PBXNativeTarget section */
		9433BE3C1B5DE1EC009462AE /* EggerKer */ = {
			isa = PBXNativeTarget;
			buildConfigurationList = 9433BE601B5DE1ED009462AE /* Build configuration list for PBXNativeTarget "EggerKer" */;
			buildPhases = (
				9433BE391B5DE1EC009462AE /* Sources */,
				9433BE3A1B5DE1EC009462AE /* Frameworks */,
				9433BE3B1B5DE1EC009462AE /* Resources */,
			);
			buildRules = (
			);
			dependencies = (
			);
			name = EggerKer;
			productName = EggerKer;
			productReference = 9433BE3D1B5DE1EC009462AE /* EggerKer.app */;
			productType = "com.apple.product-type.application";
		};
		9433BE551B5DE1ED009462AE /* EggerKerTests */ = {
			isa = PBXNativeTarget;
			buildConfigurationList = 9433BE631B5DE1ED009462AE /* Build configuration list for PBXNativeTarget "EggerKerTests" */;
			buildPhases = (
				9433BE521B5DE1ED009462AE /* Sources */,
				9433BE531B5DE1ED009462AE /* Frameworks */,
				9433BE541B5DE1ED009462AE /* Resources */,
			);
			buildRules = (
			);
			dependencies = (
				9433BE581B5DE1ED009462AE /* PBXTargetDependency */,
			);
			name = EggerKerTests;
			productName = EggerKerTests;
			productReference = 9433BE561B5DE1ED009462AE /* EggerKerTests.xctest */;
			productType = "com.apple.product-type.bundle.unit-test";
		};
/* End PBXNativeTarget section */

/* Begin PBXProject section */
		9433BE351B5DE1EC009462AE /* Project object */ = {
			isa = PBXProject;
			attributes = {
				LastUpgradeCheck = 0630;
				ORGANIZATIONNAME = TH;
				TargetAttributes = {
					9433BE3C1B5DE1EC009462AE = {
						CreatedOnToolsVersion = 6.3.2;
					};
					9433BE551B5DE1ED009462AE = {
						CreatedOnToolsVersion = 6.3.2;
						TestTargetID = 9433BE3C1B5DE1EC009462AE;
					};
				};
			};
			buildConfigurationList = 9433BE381B5DE1EC009462AE /* Build configuration list for PBXProject "EggerKer" */;
			compatibilityVersion = "Xcode 3.2";
			developmentRegion = English;
			hasScannedForEncodings = 0;
			knownRegions = (
				en,
				Base,
			);
			mainGroup = 9433BE341B5DE1EC009462AE;
			productRefGroup = 9433BE3E1B5DE1EC009462AE /* Products */;
			projectDirPath = "";
			projectRoot = "";
			targets = (
				9433BE3C1B5DE1EC009462AE /* EggerKer */,
				9433BE551B5DE1ED009462AE /* EggerKerTests */,
			);
		};
/* End PBXProject section */

/* Begin PBXResourcesBuildPhase section */
		9433BE3B1B5DE1EC009462AE /* Resources */ = {
			isa = PBXResourcesBuildPhase;
			buildActionMask = 2147483647;
			files = (
				9433BE4C1B5DE1EC009462AE /* Main.storyboard in Resources */,
				9433BE511B5DE1EC009462AE /* LaunchScreen.xib in Resources */,
				9433BE6B1B5DE29B009462AE /* TH_MomeViewController.xib in Resources */,
				9433BE4E1B5DE1EC009462AE /* Images.xcassets in Resources */,
			);
			runOnlyForDeploymentPostprocessing = 0;
		};
		9433BE541B5DE1ED009462AE /* Resources */ = {
			isa = PBXResourcesBuildPhase;
			buildActionMask = 2147483647;
			files = (
			);
			runOnlyForDeploymentPostprocessing = 0;
		};
/* End PBXResourcesBuildPhase section */

/* Begin PBXSourcesBuildPhase section */
		9433BE391B5DE1EC009462AE /* Sources */ = {
			isa = PBXSourcesBuildPhase;
			buildActionMask = 2147483647;
			files = (
				9433BF3C1B5DE4AD009462AE /* TH_BusinessViewController.m in Sources */,
				9433BF5D1B5DE9A5009462AE /* MyselfViewController.m in Sources */,
				9433BF671B5DEB97009462AE /* ZXImagePickerVC.m in Sources */,
				9433BF6D1B5DEBA0009462AE /* ZXButton.m in Sources */,
				9433BE491B5DE1EC009462AE /* ViewController.m in Sources */,
				9433BF771B5DEBA8009462AE /* UILabel+Extension.m in Sources */,
				9433BE461B5DE1EC009462AE /* AppDelegate.m in Sources */,
				9433BF761B5DEBA8009462AE /* UIBarButtonItem+Extension.m in Sources */,
				9433BF3F1B5DE524009462AE /* MapViewController.m in Sources */,
				9433BF4B1B5DE793009462AE /* SearchViewController.m in Sources */,
				9433BF781B5DEBA8009462AE /* UIView+Extension.m in Sources */,
				9433BF661B5DEB97009462AE /* ZXCustomNavigation.m in Sources */,
				9433BF6E1B5DEBA0009462AE /* ZXLabel.m in Sources */,
				9433BE6A1B5DE29B009462AE /* TH_MomeViewController.m in Sources */,
				9433BE431B5DE1EC009462AE /* main.m in Sources */,
				9433BF601B5DEA6F009462AE /* PushJobViewController.m in Sources */,
				9433BF5A1B5DE995009462AE /* JobViewController.m in Sources */,
				9433BF4E1B5DE7FB009462AE /* TH_PersonViewController.m in Sources */,
				9433BF451B5DE54D009462AE /* pushViewController.m in Sources */,
				9433BF421B5DE53E009462AE /* MyViewController.m in Sources */,
			);
			runOnlyForDeploymentPostprocessing = 0;
		};
		9433BE521B5DE1ED009462AE /* Sources */ = {
			isa = PBXSourcesBuildPhase;
			buildActionMask = 2147483647;
			files = (
				9433BE5D1B5DE1ED009462AE /* EggerKerTests.m in Sources */,
			);
			runOnlyForDeploymentPostprocessing = 0;
		};
/* End PBXSourcesBuildPhase section */

/* Begin PBXTargetDependency section */
		9433BE581B5DE1ED009462AE /* PBXTargetDependency */ = {
			isa = PBXTargetDependency;
			target = 9433BE3C1B5DE1EC009462AE /* EggerKer */;
			targetProxy = 9433BE571B5DE1ED009462AE /* PBXContainerItemProxy */;
		};
/* End PBXTargetDependency section */

/* Begin PBXVariantGroup section */
		9433BE4A1B5DE1EC009462AE /* Main.storyboard */ = {
			isa = PBXVariantGroup;
			children = (
				9433BE4B1B5DE1EC009462AE /* Base */,
			);
			name = Main.storyboard;
			sourceTree = "<group>";
		};
		9433BE4F1B5DE1EC009462AE /* LaunchScreen.xib */ = {
			isa = PBXVariantGroup;
			children = (
				9433BE501B5DE1EC009462AE /* Base */,
			);
			name = LaunchScreen.xib;
			sourceTree = "<group>";
		};
/* End PBXVariantGroup section */

/* Begin XCBuildConfiguration section */
		9433BE5E1B5DE1ED009462AE /* Debug */ = {
			isa = XCBuildConfiguration;
			buildSettings = {
				ALWAYS_SEARCH_USER_PATHS = NO;
				CLANG_CXX_LANGUAGE_STANDARD = "gnu++0x";
				CLANG_CXX_LIBRARY = "libc++";
				CLANG_ENABLE_MODULES = YES;
				CLANG_ENABLE_OBJC_ARC = YES;
				CLANG_WARN_BOOL_CONVERSION = YES;
				CLANG_WARN_CONSTANT_CONVERSION = YES;
				CLANG_WARN_DIRECT_OBJC_ISA_USAGE = YES_ERROR;
				CLANG_WARN_EMPTY_BODY = YES;
				CLANG_WARN_ENUM_CONVERSION = YES;
				CLANG_WARN_INT_CONVERSION = YES;
				CLANG_WARN_OBJC_ROOT_CLASS = YES_ERROR;
				CLANG_WARN_UNREACHABLE_CODE = YES;
				CLANG_WARN__DUPLICATE_METHOD_MATCH = YES;
				"CODE_SIGN_IDENTITY[sdk=iphoneos*]" = "iPhone Developer";
				COPY_PHASE_STRIP = NO;
				DEBUG_INFORMATION_FORMAT = "dwarf-with-dsym";
				ENABLE_STRICT_OBJC_MSGSEND = YES;
				GCC_C_LANGUAGE_STANDARD = gnu99;
				GCC_DYNAMIC_NO_PIC = NO;
				GCC_NO_COMMON_BLOCKS = YES;
				GCC_OPTIMIZATION_LEVEL = 0;
				GCC_PREPROCESSOR_DEFINITIONS = (
					"DEBUG=1",
					"$(inherited)",
				);
				GCC_SYMBOLS_PRIVATE_EXTERN = NO;
				GCC_WARN_64_TO_32_BIT_CONVERSION = YES;
				GCC_WARN_ABOUT_RETURN_TYPE = YES_ERROR;
				GCC_WARN_UNDECLARED_SELECTOR = YES;
				GCC_WARN_UNINITIALIZED_AUTOS = YES_AGGRESSIVE;
				GCC_WARN_UNUSED_FUNCTION = YES;
				GCC_WARN_UNUSED_VARIABLE = YES;
				IPHONEOS_DEPLOYMENT_TARGET = 8.3;
				MTL_ENABLE_DEBUG_INFO = YES;
				ONLY_ACTIVE_ARCH = YES;
				SDKROOT = iphoneos;
				TARGETED_DEVICE_FAMILY = "1,2";
			};
			name = Debug;
		};
		9433BE5F1B5DE1ED009462AE /* Release */ = {
			isa = XCBuildConfiguration;
			buildSettings = {
				ALWAYS_SEARCH_USER_PATHS = NO;
				CLANG_CXX_LANGUAGE_STANDARD = "gnu++0x";
				CLANG_CXX_LIBRARY = "libc++";
				CLANG_ENABLE_MODULES = YES;
				CLANG_ENABLE_OBJC_ARC = YES;
				CLANG_WARN_BOOL_CONVERSION = YES;
				CLANG_WARN_CONSTANT_CONVERSION = YES;
				CLANG_WARN_DIRECT_OBJC_ISA_USAGE = YES_ERROR;
				CLANG_WARN_EMPTY_BODY = YES;
				CLANG_WARN_ENUM_CONVERSION = YES;
				CLANG_WARN_INT_CONVERSION = YES;
				CLANG_WARN_OBJC_ROOT_CLASS = YES_ERROR;
				CLANG_WARN_UNREACHABLE_CODE = YES;
				CLANG_WARN__DUPLICATE_METHOD_MATCH = YES;
				"CODE_SIGN_IDENTITY[sdk=iphoneos*]" = "iPhone Developer";
				COPY_PHASE_STRIP = NO;
				DEBUG_INFORMATION_FORMAT = "dwarf-with-dsym";
				ENABLE_NS_ASSERTIONS = NO;
				ENABLE_STRICT_OBJC_MSGSEND = YES;
				GCC_C_LANGUAGE_STANDARD = gnu99;
				GCC_NO_COMMON_BLOCKS = YES;
				GCC_WARN_64_TO_32_BIT_CONVERSION = YES;
				GCC_WARN_ABOUT_RETURN_TYPE = YES_ERROR;
				GCC_WARN_UNDECLARED_SELECTOR = YES;
				GCC_WARN_UNINITIALIZED_AUTOS = YES_AGGRESSIVE;
				GCC_WARN_UNUSED_FUNCTION = YES;
				GCC_WARN_UNUSED_VARIABLE = YES;
				IPHONEOS_DEPLOYMENT_TARGET = 8.3;
				MTL_ENABLE_DEBUG_INFO = NO;
				SDKROOT = iphoneos;
				TARGETED_DEVICE_FAMILY = "1,2";
				VALIDATE_PRODUCT = YES;
			};
			name = Release;
		};
		9433BE611B5DE1ED009462AE /* Debug */ = {
			isa = XCBuildConfiguration;
			buildSettings = {
				ASSETCATALOG_COMPILER_APPICON_NAME = AppIcon;
				INFOPLIST_FILE = EggerKer/Info.plist;
				LD_RUNPATH_SEARCH_PATHS = "$(inherited) @executable_path/Frameworks";
				PRODUCT_NAME = "$(TARGET_NAME)";
			};
			name = Debug;
		};
		9433BE621B5DE1ED009462AE /* Release */ = {
			isa = XCBuildConfiguration;
			buildSettings = {
				ASSETCATALOG_COMPILER_APPICON_NAME = AppIcon;
				INFOPLIST_FILE = EggerKer/Info.plist;
				LD_RUNPATH_SEARCH_PATHS = "$(inherited) @executable_path/Frameworks";
				PRODUCT_NAME = "$(TARGET_NAME)";
			};
			name = Release;
		};
		9433BE641B5DE1ED009462AE /* Debug */ = {
			isa = XCBuildConfiguration;
			buildSettings = {
				BUNDLE_LOADER = "$(TEST_HOST)";
				FRAMEWORK_SEARCH_PATHS = (
					"$(SDKROOT)/Developer/Library/Frameworks",
					"$(inherited)",
				);
				GCC_PREPROCESSOR_DEFINITIONS = (
					"DEBUG=1",
					"$(inherited)",
				);
				INFOPLIST_FILE = EggerKerTests/Info.plist;
				LD_RUNPATH_SEARCH_PATHS = "$(inherited) @executable_path/Frameworks @loader_path/Frameworks";
				PRODUCT_NAME = "$(TARGET_NAME)";
				TEST_HOST = "$(BUILT_PRODUCTS_DIR)/EggerKer.app/EggerKer";
			};
			name = Debug;
		};
		9433BE651B5DE1ED009462AE /* Release */ = {
			isa = XCBuildConfiguration;
			buildSettings = {
				BUNDLE_LOADER = "$(TEST_HOST)";
				FRAMEWORK_SEARCH_PATHS = (
					"$(SDKROOT)/Developer/Library/Frameworks",
					"$(inherited)",
				);
				INFOPLIST_FILE = EggerKerTests/Info.plist;
				LD_RUNPATH_SEARCH_PATHS = "$(inherited) @executable_path/Frameworks @loader_path/Frameworks";
				PRODUCT_NAME = "$(TARGET_NAME)";
				TEST_HOST = "$(BUILT_PRODUCTS_DIR)/EggerKer.app/EggerKer";
			};
			name = Release;
		};
/* End XCBuildConfiguration section */

/* Begin XCConfigurationList section */
		9433BE381B5DE1EC009462AE /* Build configuration list for PBXProject "EggerKer" */ = {
			isa = XCConfigurationList;
			buildConfigurations = (
				9433BE5E1B5DE1ED009462AE /* Debug */,
				9433BE5F1B5DE1ED009462AE /* Release */,
			);
			defaultConfigurationIsVisible = 0;
			defaultConfigurationName = Release;
		};
		9433BE601B5DE1ED009462AE /* Build configuration list for PBXNativeTarget "EggerKer" */ = {
			isa = XCConfigurationList;
			buildConfigurations = (
				9433BE611B5DE1ED009462AE /* Debug */,
				9433BE621B5DE1ED009462AE /* Release */,
			);
			defaultConfigurationIsVisible = 0;
		};
		9433BE631B5DE1ED009462AE /* Build configuration list for PBXNativeTarget "EggerKerTests" */ = {
			isa = XCConfigurationList;
			buildConfigurations = (
				9433BE641B5DE1ED009462AE /* Debug */,
				9433BE651B5DE1ED009462AE /* Release */,
			);
			defaultConfigurationIsVisible = 0;
		};
/* End XCConfigurationList section */
	};
	rootObject = 9433BE351B5DE1EC009462AE /* Project object */;
}
