// !$*UTF8*$!
{
	archiveVersion = 1;
	classes = {
	};
	objectVersion = 46;
	objects = {

/* Begin PBXBuildFile section */
		9433BD321B5D5C47009462AE /* FirstPageVC.m in Sources */ = {isa = PBXBuildFile; fileRef = 9433BD311B5D5C47009462AE /* FirstPageVC.m */; };
		9433BD351B5D5C61009462AE /* MyselfVC.m in Sources */ = {isa = PBXBuildFile; fileRef = 9433BD341B5D5C61009462AE /* MyselfVC.m */; };
		9433BD381B5D5C71009462AE /* FindJob.m in Sources */ = {isa = PBXBuildFile; fileRef = 9433BD371B5D5C71009462AE /* FindJob.m */; };
		9433BD421B5DC111009462AE /* ZXCustomNavigation.m in Sources */ = {isa = PBXBuildFile; fileRef = 9433BD3F1B5DC111009462AE /* ZXCustomNavigation.m */; };
		9433BD431B5DC111009462AE /* ZXImagePickerVC.m in Sources */ = {isa = PBXBuildFile; fileRef = 9433BD411B5DC111009462AE /* ZXImagePickerVC.m */; };
		9433BD491B5DC11B009462AE /* ZXButton.m in Sources */ = {isa = PBXBuildFile; fileRef = 9433BD461B5DC11B009462AE /* ZXButton.m */; };
		9433BD4A1B5DC11B009462AE /* ZXLabel.m in Sources */ = {isa = PBXBuildFile; fileRef = 9433BD481B5DC11B009462AE /* ZXLabel.m */; };
		9433BD521B5DC129009462AE /* UIBarButtonItem+Extension.m in Sources */ = {isa = PBXBuildFile; fileRef = 9433BD4D1B5DC129009462AE /* UIBarButtonItem+Extension.m */; };
		9433BD531B5DC129009462AE /* UILabel+Extension.m in Sources */ = {isa = PBXBuildFile; fileRef = 9433BD4F1B5DC129009462AE /* UILabel+Extension.m */; };
		9433BD541B5DC129009462AE /* UIView+Extension.m in Sources */ = {isa = PBXBuildFile; fileRef = 9433BD511B5DC129009462AE /* UIView+Extension.m */; };
		9433BD561B5DCFD7009462AE /* 蛋壳.gif in Resources */ = {isa = PBXBuildFile; fileRef = 9433BD551B5DCFD7009462AE /* 蛋壳.gif */; };
		9455A7B71B5D0C9200EF9360 /* main.m in Sources */ = {isa = PBXBuildFile; fileRef = 9455A7B61B5D0C9200EF9360 /* main.m */; };
		9455A7BA1B5D0C9200EF9360 /* AppDelegate.m in Sources */ = {isa = PBXBuildFile; fileRef = 9455A7B91B5D0C9200EF9360 /* AppDelegate.m */; };
		9455A7C01B5D0C9200EF9360 /* Main.storyboard in Resources */ = {isa = PBXBuildFile; fileRef = 9455A7BE1B5D0C9200EF9360 /* Main.storyboard */; };
		9455A7C21B5D0C9200EF9360 /* Images.xcassets in Resources */ = {isa = PBXBuildFile; fileRef = 9455A7C11B5D0C9200EF9360 /* Images.xcassets */; };
		9455A7C51B5D0C9200EF9360 /* LaunchScreen.xib in Resources */ = {isa = PBXBuildFile; fileRef = 9455A7C31B5D0C9200EF9360 /* LaunchScreen.xib */; };
		9455A7D11B5D0C9200EF9360 /* EggerKerTests.m in Sources */ = {isa = PBXBuildFile; fileRef = 9455A7D01B5D0C9200EF9360 /* EggerKerTests.m */; };
		9455A7DE1B5D0D6300EF9360 /* TH_MomeViewController.m in Sources */ = {isa = PBXBuildFile; fileRef = 9455A7DC1B5D0D6300EF9360 /* TH_MomeViewController.m */; };
		9455A7DF1B5D0D6300EF9360 /* TH_MomeViewController.xib in Resources */ = {isa = PBXBuildFile; fileRef = 9455A7DD1B5D0D6300EF9360 /* TH_MomeViewController.xib */; };
		9455A7E71B5D1AA400EF9360 /* TH_PersonMainViewController.m in Sources */ = {isa = PBXBuildFile; fileRef = 9455A7E61B5D1AA400EF9360 /* TH_PersonMainViewController.m */; };
		9455A7EA1B5D1C3C00EF9360 /* TH_BusinessViewController.m in Sources */ = {isa = PBXBuildFile; fileRef = 9455A7E91B5D1C3C00EF9360 /* TH_BusinessViewController.m */; };
		9455A7F61B5D47DB00EF9360 /* PushVVC.m in Sources */ = {isa = PBXBuildFile; fileRef = 9455A7F51B5D47DB00EF9360 /* PushVVC.m */; };
		9455A7F91B5D47F700EF9360 /* MapVC.m in Sources */ = {isa = PBXBuildFile; fileRef = 9455A7F81B5D47F700EF9360 /* MapVC.m */; };
		9455A7FC1B5D481000EF9360 /* SearChVC.m in Sources */ = {isa = PBXBuildFile; fileRef = 9455A7FB1B5D481000EF9360 /* SearChVC.m */; };
		9455A7FF1B5D482100EF9360 /* MyVC.m in Sources */ = {isa = PBXBuildFile; fileRef = 9455A7FE1B5D482100EF9360 /* MyVC.m */; };
/* End PBXBuildFile section */

/* Begin PBXContainerItemProxy section */
		9455A7CB1B5D0C9200EF9360 /* PBXContainerItemProxy */ = {
			isa = PBXContainerItemProxy;
			containerPortal = 9455A7A91B5D0C9200EF9360 /* Project object */;
			proxyType = 1;
			remoteGlobalIDString = 9455A7B01B5D0C9200EF9360;
			remoteInfo = EggerKer;
		};
/* End PBXContainerItemProxy section */

/* Begin PBXFileReference section */
		9433BD301B5D5C47009462AE /* FirstPageVC.h */ = {isa = PBXFileReference; fileEncoding = 4; lastKnownFileType = sourcecode.c.h; path = FirstPageVC.h; sourceTree = "<group>"; };
		9433BD311B5D5C47009462AE /* FirstPageVC.m */ = {isa = PBXFileReference; fileEncoding = 4; lastKnownFileType = sourcecode.c.objc; path = FirstPageVC.m; sourceTree = "<group>"; };
		9433BD331B5D5C61009462AE /* MyselfVC.h */ = {isa = PBXFileReference; fileEncoding = 4; lastKnownFileType = sourcecode.c.h; path = MyselfVC.h; sourceTree = "<group>"; };
		9433BD341B5D5C61009462AE /* MyselfVC.m */ = {isa = PBXFileReference; fileEncoding = 4; lastKnownFileType = sourcecode.c.objc; path = MyselfVC.m; sourceTree = "<group>"; };
		9433BD361B5D5C71009462AE /* FindJob.h */ = {isa = PBXFileReference; fileEncoding = 4; lastKnownFileType = sourcecode.c.h; path = FindJob.h; sourceTree = "<group>"; };
		9433BD371B5D5C71009462AE /* FindJob.m */ = {isa = PBXFileReference; fileEncoding = 4; lastKnownFileType = sourcecode.c.objc; path = FindJob.m; sourceTree = "<group>"; };
		9433BD3E1B5DC111009462AE /* ZXCustomNavigation.h */ = {isa = PBXFileReference; fileEncoding = 4; lastKnownFileType = sourcecode.c.h; path = ZXCustomNavigation.h; sourceTree = "<group>"; };
		9433BD3F1B5DC111009462AE /* ZXCustomNavigation.m */ = {isa = PBXFileReference; fileEncoding = 4; lastKnownFileType = sourcecode.c.objc; path = ZXCustomNavigation.m; sourceTree = "<group>"; };
		9433BD401B5DC111009462AE /* ZXImagePickerVC.h */ = {isa = PBXFileReference; fileEncoding = 4; lastKnownFileType = sourcecode.c.h; path = ZXImagePickerVC.h; sourceTree = "<group>"; };
		9433BD411B5DC111009462AE /* ZXImagePickerVC.m */ = {isa = PBXFileReference; fileEncoding = 4; lastKnownFileType = sourcecode.c.objc; path = ZXImagePickerVC.m; sourceTree = "<group>"; };
		9433BD451B5DC11B009462AE /* ZXButton.h */ = {isa = PBXFileReference; fileEncoding = 4; lastKnownFileType = sourcecode.c.h; path = ZXButton.h; sourceTree = "<group>"; };
		9433BD461B5DC11B009462AE /* ZXButton.m */ = {isa = PBXFileReference; fileEncoding = 4; lastKnownFileType = sourcecode.c.objc; path = ZXButton.m; sourceTree = "<group>"; };
		9433BD471B5DC11B009462AE /* ZXLabel.h */ = {isa = PBXFileReference; fileEncoding = 4; lastKnownFileType = sourcecode.c.h; path = ZXLabel.h; sourceTree = "<group>"; };
		9433BD481B5DC11B009462AE /* ZXLabel.m */ = {isa = PBXFileReference; fileEncoding = 4; lastKnownFileType = sourcecode.c.objc; path = ZXLabel.m; sourceTree = "<group>"; };
		9433BD4C1B5DC129009462AE /* UIBarButtonItem+Extension.h */ = {isa = PBXFileReference; fileEncoding = 4; lastKnownFileType = sourcecode.c.h; path = "UIBarButtonItem+Extension.h"; sourceTree = "<group>"; };
		9433BD4D1B5DC129009462AE /* UIBarButtonItem+Extension.m */ = {isa = PBXFileReference; fileEncoding = 4; lastKnownFileType = sourcecode.c.objc; path = "UIBarButtonItem+Extension.m"; sourceTree = "<group>"; };
		9433BD4E1B5DC129009462AE /* UILabel+Extension.h */ = {isa = PBXFileReference; fileEncoding = 4; lastKnownFileType = sourcecode.c.h; path = "UILabel+Extension.h"; sourceTree = "<group>"; };
		9433BD4F1B5DC129009462AE /* UILabel+Extension.m */ = {isa = PBXFileReference; fileEncoding = 4; lastKnownFileType = sourcecode.c.objc; path = "UILabel+Extension.m"; sourceTree = "<group>"; };
		9433BD501B5DC129009462AE /* UIView+Extension.h */ = {isa = PBXFileReference; fileEncoding = 4; lastKnownFileType = sourcecode.c.h; path = "UIView+Extension.h"; sourceTree = "<group>"; };
		9433BD511B5DC129009462AE /* UIView+Extension.m */ = {isa = PBXFileReference; fileEncoding = 4; lastKnownFileType = sourcecode.c.objc; path = "UIView+Extension.m"; sourceTree = "<group>"; };
		9433BD551B5DCFD7009462AE /* 蛋壳.gif */ = {isa = PBXFileReference; lastKnownFileType = image.gif; path = "蛋壳.gif"; sourceTree = "<group>"; };
		9455A7B11B5D0C9200EF9360 /* EggerKer.app */ = {isa = PBXFileReference; explicitFileType = wrapper.application; includeInIndex = 0; path = EggerKer.app; sourceTree = BUILT_PRODUCTS_DIR; };
		9455A7B51B5D0C9200EF9360 /* Info.plist */ = {isa = PBXFileReference; lastKnownFileType = text.plist.xml; path = Info.plist; sourceTree = "<group>"; };
		9455A7B61B5D0C9200EF9360 /* main.m */ = {isa = PBXFileReference; lastKnownFileType = sourcecode.c.objc; path = main.m; sourceTree = "<group>"; };
		9455A7B81B5D0C9200EF9360 /* AppDelegate.h */ = {isa = PBXFileReference; lastKnownFileType = sourcecode.c.h; path = AppDelegate.h; sourceTree = "<group>"; };
		9455A7B91B5D0C9200EF9360 /* AppDelegate.m */ = {isa = PBXFileReference; lastKnownFileType = sourcecode.c.objc; path = AppDelegate.m; sourceTree = "<group>"; };
		9455A7BF1B5D0C9200EF9360 /* Base */ = {isa = PBXFileReference; lastKnownFileType = file.storyboard; name = Base; path = Base.lproj/Main.storyboard; sourceTree = "<group>"; };
		9455A7C11B5D0C9200EF9360 /* Images.xcassets */ = {isa = PBXFileReference; lastKnownFileType = folder.assetcatalog; path = Images.xcassets; sourceTree = "<group>"; };
		9455A7C41B5D0C9200EF9360 /* Base */ = {isa = PBXFileReference; lastKnownFileType = file.xib; name = Base; path = Base.lproj/LaunchScreen.xib; sourceTree = "<group>"; };
		9455A7CA1B5D0C9200EF9360 /* EggerKerTests.xctest */ = {isa = PBXFileReference; explicitFileType = wrapper.cfbundle; includeInIndex = 0; path = EggerKerTests.xctest; sourceTree = BUILT_PRODUCTS_DIR; };
		9455A7CF1B5D0C9200EF9360 /* Info.plist */ = {isa = PBXFileReference; lastKnownFileType = text.plist.xml; path = Info.plist; sourceTree = "<group>"; };
		9455A7D01B5D0C9200EF9360 /* EggerKerTests.m */ = {isa = PBXFileReference; lastKnownFileType = sourcecode.c.objc; path = EggerKerTests.m; sourceTree = "<group>"; };
		9455A7DB1B5D0D6300EF9360 /* TH_MomeViewController.h */ = {isa = PBXFileReference; fileEncoding = 4; lastKnownFileType = sourcecode.c.h; path = TH_MomeViewController.h; sourceTree = "<group>"; };
		9455A7DC1B5D0D6300EF9360 /* TH_MomeViewController.m */ = {isa = PBXFileReference; fileEncoding = 4; lastKnownFileType = sourcecode.c.objc; path = TH_MomeViewController.m; sourceTree = "<group>"; };
		9455A7DD1B5D0D6300EF9360 /* TH_MomeViewController.xib */ = {isa = PBXFileReference; fileEncoding = 4; lastKnownFileType = file.xib; path = TH_MomeViewController.xib; sourceTree = "<group>"; };
		9455A7E51B5D1AA400EF9360 /* TH_PersonMainViewController.h */ = {isa = PBXFileReference; fileEncoding = 4; lastKnownFileType = sourcecode.c.h; path = TH_PersonMainViewController.h; sourceTree = "<group>"; };
		9455A7E61B5D1AA400EF9360 /* TH_PersonMainViewController.m */ = {isa = PBXFileReference; fileEncoding = 4; lastKnownFileType = sourcecode.c.objc; path = TH_PersonMainViewController.m; sourceTree = "<group>"; };
		9455A7E81B5D1C3C00EF9360 /* TH_BusinessViewController.h */ = {isa = PBXFileReference; fileEncoding = 4; lastKnownFileType = sourcecode.c.h; path = TH_BusinessViewController.h; sourceTree = "<group>"; };
		9455A7E91B5D1C3C00EF9360 /* TH_BusinessViewController.m */ = {isa = PBXFileReference; fileEncoding = 4; lastKnownFileType = sourcecode.c.objc; path = TH_BusinessViewController.m; sourceTree = "<group>"; };
		9455A7F41B5D47DB00EF9360 /* PushVVC.h */ = {isa = PBXFileReference; fileEncoding = 4; lastKnownFileType = sourcecode.c.h; path = PushVVC.h; sourceTree = "<group>"; };
		9455A7F51B5D47DB00EF9360 /* PushVVC.m */ = {isa = PBXFileReference; fileEncoding = 4; lastKnownFileType = sourcecode.c.objc; path = PushVVC.m; sourceTree = "<group>"; };
		9455A7F71B5D47F700EF9360 /* MapVC.h */ = {isa = PBXFileReference; fileEncoding = 4; lastKnownFileType = sourcecode.c.h; path = MapVC.h; sourceTree = "<group>"; };
		9455A7F81B5D47F700EF9360 /* MapVC.m */ = {isa = PBXFileReference; fileEncoding = 4; lastKnownFileType = sourcecode.c.objc; path = MapVC.m; sourceTree = "<group>"; };
		9455A7FA1B5D481000EF9360 /* SearChVC.h */ = {isa = PBXFileReference; fileEncoding = 4; lastKnownFileType = sourcecode.c.h; path = SearChVC.h; sourceTree = "<group>"; };
		9455A7FB1B5D481000EF9360 /* SearChVC.m */ = {isa = PBXFileReference; fileEncoding = 4; lastKnownFileType = sourcecode.c.objc; path = SearChVC.m; sourceTree = "<group>"; };
		9455A7FD1B5D482100EF9360 /* MyVC.h */ = {isa = PBXFileReference; fileEncoding = 4; lastKnownFileType = sourcecode.c.h; path = MyVC.h; sourceTree = "<group>"; };
		9455A7FE1B5D482100EF9360 /* MyVC.m */ = {isa = PBXFileReference; fileEncoding = 4; lastKnownFileType = sourcecode.c.objc; path = MyVC.m; sourceTree = "<group>"; };
/* End PBXFileReference section */

/* Begin PBXFrameworksBuildPhase section */
		9455A7AE1B5D0C9200EF9360 /* Frameworks */ = {
			isa = PBXFrameworksBuildPhase;
			buildActionMask = 2147483647;
			files = (
			);
			runOnlyForDeploymentPostprocessing = 0;
		};
		9455A7C71B5D0C9200EF9360 /* Frameworks */ = {
			isa = PBXFrameworksBuildPhase;
			buildActionMask = 2147483647;
			files = (
			);
			runOnlyForDeploymentPostprocessing = 0;
		};
/* End PBXFrameworksBuildPhase section */

/* Begin PBXGroup section */
		9433BD2D1B5D5BB5009462AE /* FindJob */ = {
			isa = PBXGroup;
			children = (
				9433BD361B5D5C71009462AE /* FindJob.h */,
				9433BD371B5D5C71009462AE /* FindJob.m */,
			);
			path = FindJob;
			sourceTree = "<group>";
		};
		9433BD2E1B5D5BFF009462AE /* myself */ = {
			isa = PBXGroup;
			children = (
				9433BD331B5D5C61009462AE /* MyselfVC.h */,
				9433BD341B5D5C61009462AE /* MyselfVC.m */,
			);
			name = myself;
			path = FindJob/myself;
			sourceTree = "<group>";
		};
		9433BD2F1B5D5C28009462AE /* firstPage */ = {
			isa = PBXGroup;
			children = (
				9433BD301B5D5C47009462AE /* FirstPageVC.h */,
				9433BD311B5D5C47009462AE /* FirstPageVC.m */,
			);
			path = firstPage;
			sourceTree = "<group>";
		};
		9433BD391B5DC062009462AE /* main */ = {
			isa = PBXGroup;
			children = (
				9433BD551B5DCFD7009462AE /* 蛋壳.gif */,
				9433BD4B1B5DC129009462AE /* Extension */,
				9433BD441B5DC11B009462AE /* CustomView */,
				9433BD3D1B5DC111009462AE /* CustomController */,
			);
			path = main;
			sourceTree = "<group>";
		};
		9433BD3D1B5DC111009462AE /* CustomController */ = {
			isa = PBXGroup;
			children = (
				9433BD3E1B5DC111009462AE /* ZXCustomNavigation.h */,
				9433BD3F1B5DC111009462AE /* ZXCustomNavigation.m */,
				9433BD401B5DC111009462AE /* ZXImagePickerVC.h */,
				9433BD411B5DC111009462AE /* ZXImagePickerVC.m */,
			);
			path = CustomController;
			sourceTree = "<group>";
		};
		9433BD441B5DC11B009462AE /* CustomView */ = {
			isa = PBXGroup;
			children = (
				9433BD451B5DC11B009462AE /* ZXButton.h */,
				9433BD461B5DC11B009462AE /* ZXButton.m */,
				9433BD471B5DC11B009462AE /* ZXLabel.h */,
				9433BD481B5DC11B009462AE /* ZXLabel.m */,
			);
			path = CustomView;
			sourceTree = "<group>";
		};
		9433BD4B1B5DC129009462AE /* Extension */ = {
			isa = PBXGroup;
			children = (
				9433BD4C1B5DC129009462AE /* UIBarButtonItem+Extension.h */,
				9433BD4D1B5DC129009462AE /* UIBarButtonItem+Extension.m */,
				9433BD4E1B5DC129009462AE /* UILabel+Extension.h */,
				9433BD4F1B5DC129009462AE /* UILabel+Extension.m */,
				9433BD501B5DC129009462AE /* UIView+Extension.h */,
				9433BD511B5DC129009462AE /* UIView+Extension.m */,
			);
			path = Extension;
			sourceTree = "<group>";
		};
		9455A7A81B5D0C9200EF9360 = {
			isa = PBXGroup;
			children = (
				9455A7EB1B5D1F0F00EF9360 /* TH_MianBase */,
				9455A7B31B5D0C9200EF9360 /* EggerKer */,
				9455A7CD1B5D0C9200EF9360 /* EggerKerTests */,
				9455A7B21B5D0C9200EF9360 /* Products */,
			);
			sourceTree = "<group>";
		};
		9455A7B21B5D0C9200EF9360 /* Products */ = {
			isa = PBXGroup;
			children = (
				9455A7B11B5D0C9200EF9360 /* EggerKer.app */,
				9455A7CA1B5D0C9200EF9360 /* EggerKerTests.xctest */,
			);
			name = Products;
			sourceTree = "<group>";
		};
		9455A7B31B5D0C9200EF9360 /* EggerKer */ = {
			isa = PBXGroup;
			children = (
				9433BD391B5DC062009462AE /* main */,
				9455A7B81B5D0C9200EF9360 /* AppDelegate.h */,
				9455A7B91B5D0C9200EF9360 /* AppDelegate.m */,
				9455A7DA1B5D0D1F00EF9360 /* HomeVC */,
				9455A7BE1B5D0C9200EF9360 /* Main.storyboard */,
				9455A7C11B5D0C9200EF9360 /* Images.xcassets */,
				9455A7C31B5D0C9200EF9360 /* LaunchScreen.xib */,
				9455A7B41B5D0C9200EF9360 /* Supporting Files */,
			);
			path = EggerKer;
			sourceTree = "<group>";
		};
		9455A7B41B5D0C9200EF9360 /* Supporting Files */ = {
			isa = PBXGroup;
			children = (
				9455A7B51B5D0C9200EF9360 /* Info.plist */,
				9455A7B61B5D0C9200EF9360 /* main.m */,
			);
			name = "Supporting Files";
			sourceTree = "<group>";
		};
		9455A7CD1B5D0C9200EF9360 /* EggerKerTests */ = {
			isa = PBXGroup;
			children = (
				9455A7D01B5D0C9200EF9360 /* EggerKerTests.m */,
				9455A7CE1B5D0C9200EF9360 /* Supporting Files */,
			);
			path = EggerKerTests;
			sourceTree = "<group>";
		};
		9455A7CE1B5D0C9200EF9360 /* Supporting Files */ = {
			isa = PBXGroup;
			children = (
				9455A7CF1B5D0C9200EF9360 /* Info.plist */,
			);
			name = "Supporting Files";
			sourceTree = "<group>";
		};
		9455A7DA1B5D0D1F00EF9360 /* HomeVC */ = {
			isa = PBXGroup;
			children = (
				9455A7DB1B5D0D6300EF9360 /* TH_MomeViewController.h */,
				9455A7DC1B5D0D6300EF9360 /* TH_MomeViewController.m */,
				9455A7DD1B5D0D6300EF9360 /* TH_MomeViewController.xib */,
				9455A7E11B5D14E700EF9360 /* Business */,
				9455A7E01B5D146900EF9360 /* PersonJob */,
				9455A7E51B5D1AA400EF9360 /* TH_PersonMainViewController.h */,
				9455A7E61B5D1AA400EF9360 /* TH_PersonMainViewController.m */,
			);
			name = HomeVC;
			path = ../../HomeVC;
			sourceTree = "<group>";
		};
		9455A7E01B5D146900EF9360 /* PersonJob */ = {
			isa = PBXGroup;
			children = (
				9433BD2F1B5D5C28009462AE /* firstPage */,
				9433BD2E1B5D5BFF009462AE /* myself */,
				9433BD2D1B5D5BB5009462AE /* FindJob */,
			);
			path = PersonJob;
			sourceTree = "<group>";
		};
		9455A7E11B5D14E700EF9360 /* Business */ = {
			isa = PBXGroup;
			children = (
				9455A7F31B5D47AF00EF9360 /* push */,
				9455A7F21B5D478B00EF9360 /* Map */,
				9455A7F11B5D477900EF9360 /* searChjOB */,
				9455A7F01B5D475900EF9360 /* my */,
				9455A7E81B5D1C3C00EF9360 /* TH_BusinessViewController.h */,
				9455A7E91B5D1C3C00EF9360 /* TH_BusinessViewController.m */,
			);
			path = Business;
			sourceTree = "<group>";
		};
		9455A7EB1B5D1F0F00EF9360 /* TH_MianBase */ = {
			isa = PBXGroup;
			children = (
			);
			name = TH_MianBase;
			path = ../HomeVC/Business/TH_MianBase;
			sourceTree = "<group>";
		};
		9455A7F01B5D475900EF9360 /* my */ = {
			isa = PBXGroup;
			children = (
				9455A7FD1B5D482100EF9360 /* MyVC.h */,
				9455A7FE1B5D482100EF9360 /* MyVC.m */,
			);
			path = my;
			sourceTree = "<group>";
		};
		9455A7F11B5D477900EF9360 /* searChjOB */ = {
			isa = PBXGroup;
			children = (
				9455A7FA1B5D481000EF9360 /* SearChVC.h */,
				9455A7FB1B5D481000EF9360 /* SearChVC.m */,
			);
			path = searChjOB;
			sourceTree = "<group>";
		};
		9455A7F21B5D478B00EF9360 /* Map */ = {
			isa = PBXGroup;
			children = (
				9455A7F71B5D47F700EF9360 /* MapVC.h */,
				9455A7F81B5D47F700EF9360 /* MapVC.m */,
			);
			path = Map;
			sourceTree = "<group>";
		};
		9455A7F31B5D47AF00EF9360 /* push */ = {
			isa = PBXGroup;
			children = (
				9455A7F41B5D47DB00EF9360 /* PushVVC.h */,
				9455A7F51B5D47DB00EF9360 /* PushVVC.m */,
			);
			path = push;
			sourceTree = "<group>";
		};
/* End PBXGroup section */

/* Begin PBXNativeTarget section */
		9455A7B01B5D0C9200EF9360 /* EggerKer */ = {
			isa = PBXNativeTarget;
			buildConfigurationList = 9455A7D41B5D0C9200EF9360 /* Build configuration list for PBXNativeTarget "EggerKer" */;
			buildPhases = (
				9455A7AD1B5D0C9200EF9360 /* Sources */,
				9455A7AE1B5D0C9200EF9360 /* Frameworks */,
				9455A7AF1B5D0C9200EF9360 /* Resources */,
			);
			buildRules = (
			);
			dependencies = (
			);
			name = EggerKer;
			productName = EggerKer;
			productReference = 9455A7B11B5D0C9200EF9360 /* EggerKer.app */;
			productType = "com.apple.product-type.application";
		};
		9455A7C91B5D0C9200EF9360 /* EggerKerTests */ = {
			isa = PBXNativeTarget;
			buildConfigurationList = 9455A7D71B5D0C9200EF9360 /* Build configuration list for PBXNativeTarget "EggerKerTests" */;
			buildPhases = (
				9455A7C61B5D0C9200EF9360 /* Sources */,
				9455A7C71B5D0C9200EF9360 /* Frameworks */,
				9455A7C81B5D0C9200EF9360 /* Resources */,
			);
			buildRules = (
			);
			dependencies = (
				9455A7CC1B5D0C9200EF9360 /* PBXTargetDependency */,
			);
			name = EggerKerTests;
			productName = EggerKerTests;
			productReference = 9455A7CA1B5D0C9200EF9360 /* EggerKerTests.xctest */;
			productType = "com.apple.product-type.bundle.unit-test";
		};
/* End PBXNativeTarget section */

/* Begin PBXProject section */
		9455A7A91B5D0C9200EF9360 /* Project object */ = {
			isa = PBXProject;
			attributes = {
				LastUpgradeCheck = 0630;
				ORGANIZATIONNAME = TH;
				TargetAttributes = {
					9455A7B01B5D0C9200EF9360 = {
						CreatedOnToolsVersion = 6.3.2;
					};
					9455A7C91B5D0C9200EF9360 = {
						CreatedOnToolsVersion = 6.3.2;
						TestTargetID = 9455A7B01B5D0C9200EF9360;
					};
				};
			};
			buildConfigurationList = 9455A7AC1B5D0C9200EF9360 /* Build configuration list for PBXProject "EggerKer" */;
			compatibilityVersion = "Xcode 3.2";
			developmentRegion = English;
			hasScannedForEncodings = 0;
			knownRegions = (
				en,
				Base,
			);
			mainGroup = 9455A7A81B5D0C9200EF9360;
			productRefGroup = 9455A7B21B5D0C9200EF9360 /* Products */;
			projectDirPath = "";
			projectRoot = "";
			targets = (
				9455A7B01B5D0C9200EF9360 /* EggerKer */,
				9455A7C91B5D0C9200EF9360 /* EggerKerTests */,
			);
		};
/* End PBXProject section */

/* Begin PBXResourcesBuildPhase section */
		9455A7AF1B5D0C9200EF9360 /* Resources */ = {
			isa = PBXResourcesBuildPhase;
			buildActionMask = 2147483647;
			files = (
				9433BD561B5DCFD7009462AE /* 蛋壳.gif in Resources */,
				9455A7C01B5D0C9200EF9360 /* Main.storyboard in Resources */,
				9455A7C51B5D0C9200EF9360 /* LaunchScreen.xib in Resources */,
				9455A7DF1B5D0D6300EF9360 /* TH_MomeViewController.xib in Resources */,
				9455A7C21B5D0C9200EF9360 /* Images.xcassets in Resources */,
			);
			runOnlyForDeploymentPostprocessing = 0;
		};
		9455A7C81B5D0C9200EF9360 /* Resources */ = {
			isa = PBXResourcesBuildPhase;
			buildActionMask = 2147483647;
			files = (
			);
			runOnlyForDeploymentPostprocessing = 0;
		};
/* End PBXResourcesBuildPhase section */

/* Begin PBXSourcesBuildPhase section */
		9455A7AD1B5D0C9200EF9360 /* Sources */ = {
			isa = PBXSourcesBuildPhase;
			buildActionMask = 2147483647;
			files = (
				9455A7F91B5D47F700EF9360 /* MapVC.m in Sources */,
				9455A7BA1B5D0C9200EF9360 /* AppDelegate.m in Sources */,
				9433BD431B5DC111009462AE /* ZXImagePickerVC.m in Sources */,
				9433BD491B5DC11B009462AE /* ZXButton.m in Sources */,
				9455A7FF1B5D482100EF9360 /* MyVC.m in Sources */,
				9433BD531B5DC129009462AE /* UILabel+Extension.m in Sources */,
				9455A7B71B5D0C9200EF9360 /* main.m in Sources */,
				9433BD521B5DC129009462AE /* UIBarButtonItem+Extension.m in Sources */,
				9433BD381B5D5C71009462AE /* FindJob.m in Sources */,
				9433BD321B5D5C47009462AE /* FirstPageVC.m in Sources */,
				9433BD541B5DC129009462AE /* UIView+Extension.m in Sources */,
				9433BD421B5DC111009462AE /* ZXCustomNavigation.m in Sources */,
				9433BD4A1B5DC11B009462AE /* ZXLabel.m in Sources */,
				9433BD351B5D5C61009462AE /* MyselfVC.m in Sources */,
				9455A7E71B5D1AA400EF9360 /* TH_PersonMainViewController.m in Sources */,
				9455A7FC1B5D481000EF9360 /* SearChVC.m in Sources */,
				9455A7EA1B5D1C3C00EF9360 /* TH_BusinessViewController.m in Sources */,
				9455A7DE1B5D0D6300EF9360 /* TH_MomeViewController.m in Sources */,
				9455A7F61B5D47DB00EF9360 /* PushVVC.m in Sources */,
			);
			runOnlyForDeploymentPostprocessing = 0;
		};
		9455A7C61B5D0C9200EF9360 /* Sources */ = {
			isa = PBXSourcesBuildPhase;
			buildActionMask = 2147483647;
			files = (
				9455A7D11B5D0C9200EF9360 /* EggerKerTests.m in Sources */,
			);
			runOnlyForDeploymentPostprocessing = 0;
		};
/* End PBXSourcesBuildPhase section */

/* Begin PBXTargetDependency section */
		9455A7CC1B5D0C9200EF9360 /* PBXTargetDependency */ = {
			isa = PBXTargetDependency;
			target = 9455A7B01B5D0C9200EF9360 /* EggerKer */;
			targetProxy = 9455A7CB1B5D0C9200EF9360 /* PBXContainerItemProxy */;
		};
/* End PBXTargetDependency section */

/* Begin PBXVariantGroup section */
		9455A7BE1B5D0C9200EF9360 /* Main.storyboard */ = {
			isa = PBXVariantGroup;
			children = (
				9455A7BF1B5D0C9200EF9360 /* Base */,
			);
			name = Main.storyboard;
			sourceTree = "<group>";
		};
		9455A7C31B5D0C9200EF9360 /* LaunchScreen.xib */ = {
			isa = PBXVariantGroup;
			children = (
				9455A7C41B5D0C9200EF9360 /* Base */,
			);
			name = LaunchScreen.xib;
			sourceTree = "<group>";
		};
/* End PBXVariantGroup section */

/* Begin XCBuildConfiguration section */
		9455A7D21B5D0C9200EF9360 /* Debug */ = {
			isa = XCBuildConfiguration;
			buildSettings = {
				ALWAYS_SEARCH_USER_PATHS = NO;
				CLANG_CXX_LANGUAGE_STANDARD = "gnu++0x";
				CLANG_CXX_LIBRARY = "libc++";
				CLANG_ENABLE_MODULES = YES;
				CLANG_ENABLE_OBJC_ARC = YES;
				CLANG_WARN_BOOL_CONVERSION = YES;
				CLANG_WARN_CONSTANT_CONVERSION = YES;
				CLANG_WARN_DIRECT_OBJC_ISA_USAGE = YES_ERROR;
				CLANG_WARN_EMPTY_BODY = YES;
				CLANG_WARN_ENUM_CONVERSION = YES;
				CLANG_WARN_INT_CONVERSION = YES;
				CLANG_WARN_OBJC_ROOT_CLASS = YES_ERROR;
				CLANG_WARN_UNREACHABLE_CODE = YES;
				CLANG_WARN__DUPLICATE_METHOD_MATCH = YES;
				"CODE_SIGN_IDENTITY[sdk=iphoneos*]" = "iPhone Developer";
				COPY_PHASE_STRIP = NO;
				DEBUG_INFORMATION_FORMAT = "dwarf-with-dsym";
				ENABLE_STRICT_OBJC_MSGSEND = YES;
				GCC_C_LANGUAGE_STANDARD = gnu99;
				GCC_DYNAMIC_NO_PIC = NO;
				GCC_NO_COMMON_BLOCKS = YES;
				GCC_OPTIMIZATION_LEVEL = 0;
				GCC_PREPROCESSOR_DEFINITIONS = (
					"DEBUG=1",
					"$(inherited)",
				);
				GCC_SYMBOLS_PRIVATE_EXTERN = NO;
				GCC_WARN_64_TO_32_BIT_CONVERSION = YES;
				GCC_WARN_ABOUT_RETURN_TYPE = YES_ERROR;
				GCC_WARN_UNDECLARED_SELECTOR = YES;
				GCC_WARN_UNINITIALIZED_AUTOS = YES_AGGRESSIVE;
				GCC_WARN_UNUSED_FUNCTION = YES;
				GCC_WARN_UNUSED_VARIABLE = YES;
				IPHONEOS_DEPLOYMENT_TARGET = 8.3;
				MTL_ENABLE_DEBUG_INFO = YES;
				ONLY_ACTIVE_ARCH = YES;
				SDKROOT = iphoneos;
				TARGETED_DEVICE_FAMILY = "1,2";
			};
			name = Debug;
		};
		9455A7D31B5D0C9200EF9360 /* Release */ = {
			isa = XCBuildConfiguration;
			buildSettings = {
				ALWAYS_SEARCH_USER_PATHS = NO;
				CLANG_CXX_LANGUAGE_STANDARD = "gnu++0x";
				CLANG_CXX_LIBRARY = "libc++";
				CLANG_ENABLE_MODULES = YES;
				CLANG_ENABLE_OBJC_ARC = YES;
				CLANG_WARN_BOOL_CONVERSION = YES;
				CLANG_WARN_CONSTANT_CONVERSION = YES;
				CLANG_WARN_DIRECT_OBJC_ISA_USAGE = YES_ERROR;
				CLANG_WARN_EMPTY_BODY = YES;
				CLANG_WARN_ENUM_CONVERSION = YES;
				CLANG_WARN_INT_CONVERSION = YES;
				CLANG_WARN_OBJC_ROOT_CLASS = YES_ERROR;
				CLANG_WARN_UNREACHABLE_CODE = YES;
				CLANG_WARN__DUPLICATE_METHOD_MATCH = YES;
				"CODE_SIGN_IDENTITY[sdk=iphoneos*]" = "iPhone Developer";
				COPY_PHASE_STRIP = NO;
				DEBUG_INFORMATION_FORMAT = "dwarf-with-dsym";
				ENABLE_NS_ASSERTIONS = NO;
				ENABLE_STRICT_OBJC_MSGSEND = YES;
				GCC_C_LANGUAGE_STANDARD = gnu99;
				GCC_NO_COMMON_BLOCKS = YES;
				GCC_WARN_64_TO_32_BIT_CONVERSION = YES;
				GCC_WARN_ABOUT_RETURN_TYPE = YES_ERROR;
				GCC_WARN_UNDECLARED_SELECTOR = YES;
				GCC_WARN_UNINITIALIZED_AUTOS = YES_AGGRESSIVE;
				GCC_WARN_UNUSED_FUNCTION = YES;
				GCC_WARN_UNUSED_VARIABLE = YES;
				IPHONEOS_DEPLOYMENT_TARGET = 8.3;
				MTL_ENABLE_DEBUG_INFO = NO;
				SDKROOT = iphoneos;
				TARGETED_DEVICE_FAMILY = "1,2";
				VALIDATE_PRODUCT = YES;
			};
			name = Release;
		};
		9455A7D51B5D0C9200EF9360 /* Debug */ = {
			isa = XCBuildConfiguration;
			buildSettings = {
				ASSETCATALOG_COMPILER_APPICON_NAME = AppIcon;
				INFOPLIST_FILE = EggerKer/Info.plist;
				LD_RUNPATH_SEARCH_PATHS = "$(inherited) @executable_path/Frameworks";
				PRODUCT_NAME = "$(TARGET_NAME)";
			};
			name = Debug;
		};
		9455A7D61B5D0C9200EF9360 /* Release */ = {
			isa = XCBuildConfiguration;
			buildSettings = {
				ASSETCATALOG_COMPILER_APPICON_NAME = AppIcon;
				INFOPLIST_FILE = EggerKer/Info.plist;
				LD_RUNPATH_SEARCH_PATHS = "$(inherited) @executable_path/Frameworks";
				PRODUCT_NAME = "$(TARGET_NAME)";
			};
			name = Release;
		};
		9455A7D81B5D0C9200EF9360 /* Debug */ = {
			isa = XCBuildConfiguration;
			buildSettings = {
				BUNDLE_LOADER = "$(TEST_HOST)";
				FRAMEWORK_SEARCH_PATHS = (
					"$(SDKROOT)/Developer/Library/Frameworks",
					"$(inherited)",
				);
				GCC_PREPROCESSOR_DEFINITIONS = (
					"DEBUG=1",
					"$(inherited)",
				);
				INFOPLIST_FILE = EggerKerTests/Info.plist;
				LD_RUNPATH_SEARCH_PATHS = "$(inherited) @executable_path/Frameworks @loader_path/Frameworks";
				PRODUCT_NAME = "$(TARGET_NAME)";
				TEST_HOST = "$(BUILT_PRODUCTS_DIR)/EggerKer.app/EggerKer";
			};
			name = Debug;
		};
		9455A7D91B5D0C9200EF9360 /* Release */ = {
			isa = XCBuildConfiguration;
			buildSettings = {
				BUNDLE_LOADER = "$(TEST_HOST)";
				FRAMEWORK_SEARCH_PATHS = (
					"$(SDKROOT)/Developer/Library/Frameworks",
					"$(inherited)",
				);
				INFOPLIST_FILE = EggerKerTests/Info.plist;
				LD_RUNPATH_SEARCH_PATHS = "$(inherited) @executable_path/Frameworks @loader_path/Frameworks";
				PRODUCT_NAME = "$(TARGET_NAME)";
				TEST_HOST = "$(BUILT_PRODUCTS_DIR)/EggerKer.app/EggerKer";
			};
			name = Release;
		};
/* End XCBuildConfiguration section */

/* Begin XCConfigurationList section */
		9455A7AC1B5D0C9200EF9360 /* Build configuration list for PBXProject "EggerKer" */ = {
			isa = XCConfigurationList;
			buildConfigurations = (
				9455A7D21B5D0C9200EF9360 /* Debug */,
				9455A7D31B5D0C9200EF9360 /* Release */,
			);
			defaultConfigurationIsVisible = 0;
			defaultConfigurationName = Release;
		};
		9455A7D41B5D0C9200EF9360 /* Build configuration list for PBXNativeTarget "EggerKer" */ = {
			isa = XCConfigurationList;
			buildConfigurations = (
				9455A7D51B5D0C9200EF9360 /* Debug */,
				9455A7D61B5D0C9200EF9360 /* Release */,
			);
			defaultConfigurationIsVisible = 0;
			defaultConfigurationName = Release;
		};
		9455A7D71B5D0C9200EF9360 /* Build configuration list for PBXNativeTarget "EggerKerTests" */ = {
			isa = XCConfigurationList;
			buildConfigurations = (
				9455A7D81B5D0C9200EF9360 /* Debug */,
				9455A7D91B5D0C9200EF9360 /* Release */,
			);
			defaultConfigurationIsVisible = 0;
			defaultConfigurationName = Release;
		};
/* End XCConfigurationList section */
	};
	rootObject = 9455A7A91B5D0C9200EF9360 /* Project object */;
}
